// !$*UTF8*$!
{
	archiveVersion = 1;
	classes = {
	};
	objectVersion = 46;
	objects = {

/* Begin PBXBuildFile section */
		8224FDF119D46997002B1B44 /* galleryData.plist in Resources */ = {isa = PBXBuildFile; fileRef = 8224FDF019D46997002B1B44 /* galleryData.plist */; };
		8224FDF519D46D90002B1B44 /* cap_bar_.png in Resources */ = {isa = PBXBuildFile; fileRef = 8224FDF319D46D90002B1B44 /* cap_bar_.png */; };
		8224FDF619D46D90002B1B44 /* cap_bar_@2x.png in Resources */ = {isa = PBXBuildFile; fileRef = 8224FDF419D46D90002B1B44 /* cap_bar_@2x.png */; };
		8224FE0319D47097002B1B44 /* Raleway-Bold.otf in Resources */ = {isa = PBXBuildFile; fileRef = 8224FDF919D47097002B1B44 /* Raleway-Bold.otf */; };
		8224FE0419D47097002B1B44 /* Raleway-ExtraBold.otf in Resources */ = {isa = PBXBuildFile; fileRef = 8224FDFA19D47097002B1B44 /* Raleway-ExtraBold.otf */; };
		8224FE0519D47097002B1B44 /* Raleway-ExtraLight.otf in Resources */ = {isa = PBXBuildFile; fileRef = 8224FDFB19D47097002B1B44 /* Raleway-ExtraLight.otf */; };
		8224FE0619D47097002B1B44 /* Raleway-Heavy.otf in Resources */ = {isa = PBXBuildFile; fileRef = 8224FDFC19D47097002B1B44 /* Raleway-Heavy.otf */; };
		8224FE0719D47097002B1B44 /* Raleway-Light.otf in Resources */ = {isa = PBXBuildFile; fileRef = 8224FDFD19D47097002B1B44 /* Raleway-Light.otf */; };
		8224FE0819D47097002B1B44 /* Raleway-Medium.otf in Resources */ = {isa = PBXBuildFile; fileRef = 8224FDFE19D47097002B1B44 /* Raleway-Medium.otf */; };
		8224FE0919D47097002B1B44 /* Raleway-Regular.otf in Resources */ = {isa = PBXBuildFile; fileRef = 8224FDFF19D47097002B1B44 /* Raleway-Regular.otf */; };
		8224FE0A19D47097002B1B44 /* Raleway-SemiBold.otf in Resources */ = {isa = PBXBuildFile; fileRef = 8224FE0019D47097002B1B44 /* Raleway-SemiBold.otf */; };
		8224FE0B19D47097002B1B44 /* Raleway-Thin.otf in Resources */ = {isa = PBXBuildFile; fileRef = 8224FE0119D47097002B1B44 /* Raleway-Thin.otf */; };
		8224FE2519D48656002B1B44 /* MPAnimation.m in Sources */ = {isa = PBXBuildFile; fileRef = 8224FE1019D48656002B1B44 /* MPAnimation.m */; };
		8224FE2619D48656002B1B44 /* MPFlipTransition.m in Sources */ = {isa = PBXBuildFile; fileRef = 8224FE1319D48656002B1B44 /* MPFlipTransition.m */; };
		8224FE2719D48656002B1B44 /* MPFoldTransition.m in Sources */ = {isa = PBXBuildFile; fileRef = 8224FE1619D48656002B1B44 /* MPFoldTransition.m */; };
		8224FE2819D48656002B1B44 /* MPTransition.m in Sources */ = {isa = PBXBuildFile; fileRef = 8224FE1819D48656002B1B44 /* MPTransition.m */; };
		8224FE2919D48656002B1B44 /* MPFlipSegue.m in Sources */ = {isa = PBXBuildFile; fileRef = 8224FE1C19D48656002B1B44 /* MPFlipSegue.m */; };
		8224FE2A19D48656002B1B44 /* MPFoldModalSegue.m in Sources */ = {isa = PBXBuildFile; fileRef = 8224FE1E19D48656002B1B44 /* MPFoldModalSegue.m */; };
		8224FE2B19D48656002B1B44 /* MPFoldNavPopSegue.m in Sources */ = {isa = PBXBuildFile; fileRef = 8224FE2019D48656002B1B44 /* MPFoldNavPopSegue.m */; };
		8224FE2C19D48656002B1B44 /* MPFoldNavPushSegue.m in Sources */ = {isa = PBXBuildFile; fileRef = 8224FE2219D48656002B1B44 /* MPFoldNavPushSegue.m */; };
		8224FE2D19D48656002B1B44 /* MPFoldSegue.m in Sources */ = {isa = PBXBuildFile; fileRef = 8224FE2419D48656002B1B44 /* MPFoldSegue.m */; };
		824012E019D1AF5D00C501EE /* Foundation.framework in Frameworks */ = {isa = PBXBuildFile; fileRef = 824012DF19D1AF5D00C501EE /* Foundation.framework */; };
		824012E219D1AF5D00C501EE /* CoreGraphics.framework in Frameworks */ = {isa = PBXBuildFile; fileRef = 824012E119D1AF5D00C501EE /* CoreGraphics.framework */; };
		824012E419D1AF5D00C501EE /* UIKit.framework in Frameworks */ = {isa = PBXBuildFile; fileRef = 824012E319D1AF5D00C501EE /* UIKit.framework */; };
		824012EA19D1AF5D00C501EE /* InfoPlist.strings in Resources */ = {isa = PBXBuildFile; fileRef = 824012E819D1AF5D00C501EE /* InfoPlist.strings */; };
		824012EC19D1AF5D00C501EE /* main.m in Sources */ = {isa = PBXBuildFile; fileRef = 824012EB19D1AF5D00C501EE /* main.m */; };
		824012F019D1AF5D00C501EE /* AppDelegate.m in Sources */ = {isa = PBXBuildFile; fileRef = 824012EF19D1AF5D00C501EE /* AppDelegate.m */; };
		824012F319D1AF5D00C501EE /* Main.storyboard in Resources */ = {isa = PBXBuildFile; fileRef = 824012F119D1AF5D00C501EE /* Main.storyboard */; };
		824012F619D1AF5D00C501EE /* ViewController.m in Sources */ = {isa = PBXBuildFile; fileRef = 824012F519D1AF5D00C501EE /* ViewController.m */; };
		824012F819D1AF5D00C501EE /* Images.xcassets in Resources */ = {isa = PBXBuildFile; fileRef = 824012F719D1AF5D00C501EE /* Images.xcassets */; };
		824012FF19D1AF5D00C501EE /* XCTest.framework in Frameworks */ = {isa = PBXBuildFile; fileRef = 824012FE19D1AF5D00C501EE /* XCTest.framework */; };
		8240130019D1AF5D00C501EE /* Foundation.framework in Frameworks */ = {isa = PBXBuildFile; fileRef = 824012DF19D1AF5D00C501EE /* Foundation.framework */; };
		8240130119D1AF5D00C501EE /* UIKit.framework in Frameworks */ = {isa = PBXBuildFile; fileRef = 824012E319D1AF5D00C501EE /* UIKit.framework */; };
		8240130919D1AF5D00C501EE /* InfoPlist.strings in Resources */ = {isa = PBXBuildFile; fileRef = 8240130719D1AF5D00C501EE /* InfoPlist.strings */; };
		8240130B19D1AF5D00C501EE /* victoryCenterTests.m in Sources */ = {isa = PBXBuildFile; fileRef = 8240130A19D1AF5D00C501EE /* victoryCenterTests.m */; };
		8240131A19D1B58A00C501EE /* XHCustomSegue.m in Sources */ = {isa = PBXBuildFile; fileRef = 8240131919D1B58A00C501EE /* XHCustomSegue.m */; };
		826709DE19D2147000B9ED87 /* team_logo.png in Resources */ = {isa = PBXBuildFile; fileRef = 826709D819D2147000B9ED87 /* team_logo.png */; };
		826709DF19D2147000B9ED87 /* team_logo@2x.png in Resources */ = {isa = PBXBuildFile; fileRef = 826709D919D2147000B9ED87 /* team_logo@2x.png */; };
		826709E019D2147000B9ED87 /* team_logoBtmBar.png in Resources */ = {isa = PBXBuildFile; fileRef = 826709DA19D2147000B9ED87 /* team_logoBtmBar.png */; };
		826709E119D2147000B9ED87 /* team_logoBtmBar@2x.png in Resources */ = {isa = PBXBuildFile; fileRef = 826709DB19D2147000B9ED87 /* team_logoBtmBar@2x.png */; };
		826709E219D2147000B9ED87 /* team_Text.png in Resources */ = {isa = PBXBuildFile; fileRef = 826709DC19D2147000B9ED87 /* team_Text.png */; };
		826709E319D2147000B9ED87 /* team_Text@2x.png in Resources */ = {isa = PBXBuildFile; fileRef = 826709DD19D2147000B9ED87 /* team_Text@2x.png */; };
		82A44BA519D32D1C004FAD58 /* galleryCVCell.m in Sources */ = {isa = PBXBuildFile; fileRef = 82A44BA419D32D1C004FAD58 /* galleryCVCell.m */; };
		82A44BF019D3416D004FAD58 /* galleryViewController.m in Sources */ = {isa = PBXBuildFile; fileRef = 82A44BEF19D3416D004FAD58 /* galleryViewController.m */; };
		82A805CE19D1F61E00308BA1 /* grfx_helpIcon.png in Resources */ = {isa = PBXBuildFile; fileRef = 82A805C819D1F61E00308BA1 /* grfx_helpIcon.png */; };
		82A805CF19D1F61E00308BA1 /* grfx_helpIcon@2x.png in Resources */ = {isa = PBXBuildFile; fileRef = 82A805C919D1F61E00308BA1 /* grfx_helpIcon@2x.png */; };
		82A805D019D1F61E00308BA1 /* grfx_mialIcon.png in Resources */ = {isa = PBXBuildFile; fileRef = 82A805CA19D1F61E00308BA1 /* grfx_mialIcon.png */; };
		82A805D119D1F61E00308BA1 /* grfx_mialIcon@2x.png in Resources */ = {isa = PBXBuildFile; fileRef = 82A805CB19D1F61E00308BA1 /* grfx_mialIcon@2x.png */; };
		82A805D219D1F61E00308BA1 /* grfx_movieIcon.png in Resources */ = {isa = PBXBuildFile; fileRef = 82A805CC19D1F61E00308BA1 /* grfx_movieIcon.png */; };
		82A805D319D1F61E00308BA1 /* grfx_movieIcon@2x.png in Resources */ = {isa = PBXBuildFile; fileRef = 82A805CD19D1F61E00308BA1 /* grfx_movieIcon@2x.png */; };
		82A805D619D1FC1400308BA1 /* grfx_menuIcon.png in Resources */ = {isa = PBXBuildFile; fileRef = 82A805D419D1FC1400308BA1 /* grfx_menuIcon.png */; };
		82A805D719D1FC1400308BA1 /* grfx_menuIcon@2x.png in Resources */ = {isa = PBXBuildFile; fileRef = 82A805D519D1FC1400308BA1 /* grfx_menuIcon@2x.png */; };
		82A805DA19D1FE8100308BA1 /* grfx_menuImage.png in Resources */ = {isa = PBXBuildFile; fileRef = 82A805D819D1FE8100308BA1 /* grfx_menuImage.png */; };
		82A805DB19D1FE8100308BA1 /* grfx_menuImage@2x.png in Resources */ = {isa = PBXBuildFile; fileRef = 82A805D919D1FE8100308BA1 /* grfx_menuImage@2x.png */; };
		82A805E119D2076300308BA1 /* mapViewController.m in Sources */ = {isa = PBXBuildFile; fileRef = 82A805E019D2076300308BA1 /* mapViewController.m */; };
		82A805E419D2077300308BA1 /* buildingViewController.m in Sources */ = {isa = PBXBuildFile; fileRef = 82A805E319D2077300308BA1 /* buildingViewController.m */; };
		82A805EC19D2091D00308BA1 /* Building_bg.jpg in Resources */ = {isa = PBXBuildFile; fileRef = 82A805E619D2091D00308BA1 /* Building_bg.jpg */; };
		82A805ED19D2091D00308BA1 /* Building_bg@2x.jpg in Resources */ = {isa = PBXBuildFile; fileRef = 82A805E719D2091D00308BA1 /* Building_bg@2x.jpg */; };
		82A805EE19D2091D00308BA1 /* Map_bg.jpg in Resources */ = {isa = PBXBuildFile; fileRef = 82A805E819D2091D00308BA1 /* Map_bg.jpg */; };
		82A805EF19D2091D00308BA1 /* Map_bg@2x.jpg in Resources */ = {isa = PBXBuildFile; fileRef = 82A805E919D2091D00308BA1 /* Map_bg@2x.jpg */; };
		82A805F019D2091D00308BA1 /* Team_bg.jpg in Resources */ = {isa = PBXBuildFile; fileRef = 82A805EA19D2091D00308BA1 /* Team_bg.jpg */; };
		82A805F119D2091D00308BA1 /* Team_bg@2x.jpg in Resources */ = {isa = PBXBuildFile; fileRef = 82A805EB19D2091D00308BA1 /* Team_bg@2x.jpg */; };
		82DAB03219D1EBA000F23668 /* UIColor+Extensions.m in Sources */ = {isa = PBXBuildFile; fileRef = 82DAB03119D1EBA000F23668 /* UIColor+Extensions.m */; };
		82DAB03519D1ED5B00F23668 /* teamViewController.m in Sources */ = {isa = PBXBuildFile; fileRef = 82DAB03419D1ED5B00F23668 /* teamViewController.m */; };
/* End PBXBuildFile section */

/* Begin PBXContainerItemProxy section */
		8240130219D1AF5D00C501EE /* PBXContainerItemProxy */ = {
			isa = PBXContainerItemProxy;
			containerPortal = 824012D419D1AF5D00C501EE /* Project object */;
			proxyType = 1;
			remoteGlobalIDString = 824012DB19D1AF5D00C501EE;
			remoteInfo = victoryCenter;
		};
/* End PBXContainerItemProxy section */

/* Begin PBXFileReference section */
		8224FDF019D46997002B1B44 /* galleryData.plist */ = {isa = PBXFileReference; fileEncoding = 4; lastKnownFileType = text.plist.xml; path = galleryData.plist; sourceTree = "<group>"; };
		8224FDF319D46D90002B1B44 /* cap_bar_.png */ = {isa = PBXFileReference; lastKnownFileType = image.png; path = cap_bar_.png; sourceTree = "<group>"; };
		8224FDF419D46D90002B1B44 /* cap_bar_@2x.png */ = {isa = PBXFileReference; lastKnownFileType = image.png; path = "cap_bar_@2x.png"; sourceTree = "<group>"; };
		8224FDF919D47097002B1B44 /* Raleway-Bold.otf */ = {isa = PBXFileReference; lastKnownFileType = file; path = "Raleway-Bold.otf"; sourceTree = "<group>"; };
		8224FDFA19D47097002B1B44 /* Raleway-ExtraBold.otf */ = {isa = PBXFileReference; lastKnownFileType = file; path = "Raleway-ExtraBold.otf"; sourceTree = "<group>"; };
		8224FDFB19D47097002B1B44 /* Raleway-ExtraLight.otf */ = {isa = PBXFileReference; lastKnownFileType = file; path = "Raleway-ExtraLight.otf"; sourceTree = "<group>"; };
		8224FDFC19D47097002B1B44 /* Raleway-Heavy.otf */ = {isa = PBXFileReference; lastKnownFileType = file; path = "Raleway-Heavy.otf"; sourceTree = "<group>"; };
		8224FDFD19D47097002B1B44 /* Raleway-Light.otf */ = {isa = PBXFileReference; lastKnownFileType = file; path = "Raleway-Light.otf"; sourceTree = "<group>"; };
		8224FDFE19D47097002B1B44 /* Raleway-Medium.otf */ = {isa = PBXFileReference; lastKnownFileType = file; path = "Raleway-Medium.otf"; sourceTree = "<group>"; };
		8224FDFF19D47097002B1B44 /* Raleway-Regular.otf */ = {isa = PBXFileReference; lastKnownFileType = file; path = "Raleway-Regular.otf"; sourceTree = "<group>"; };
		8224FE0019D47097002B1B44 /* Raleway-SemiBold.otf */ = {isa = PBXFileReference; lastKnownFileType = file; path = "Raleway-SemiBold.otf"; sourceTree = "<group>"; };
		8224FE0119D47097002B1B44 /* Raleway-Thin.otf */ = {isa = PBXFileReference; lastKnownFileType = file; path = "Raleway-Thin.otf"; sourceTree = "<group>"; };
		8224FE0F19D48656002B1B44 /* MPAnimation.h */ = {isa = PBXFileReference; fileEncoding = 4; lastKnownFileType = sourcecode.c.h; path = MPAnimation.h; sourceTree = "<group>"; };
		8224FE1019D48656002B1B44 /* MPAnimation.m */ = {isa = PBXFileReference; fileEncoding = 4; lastKnownFileType = sourcecode.c.objc; path = MPAnimation.m; sourceTree = "<group>"; };
		8224FE1119D48656002B1B44 /* MPFlipEnumerations.h */ = {isa = PBXFileReference; fileEncoding = 4; lastKnownFileType = sourcecode.c.h; path = MPFlipEnumerations.h; sourceTree = "<group>"; };
		8224FE1219D48656002B1B44 /* MPFlipTransition.h */ = {isa = PBXFileReference; fileEncoding = 4; lastKnownFileType = sourcecode.c.h; path = MPFlipTransition.h; sourceTree = "<group>"; };
		8224FE1319D48656002B1B44 /* MPFlipTransition.m */ = {isa = PBXFileReference; fileEncoding = 4; lastKnownFileType = sourcecode.c.objc; path = MPFlipTransition.m; sourceTree = "<group>"; };
		8224FE1419D48656002B1B44 /* MPFoldEnumerations.h */ = {isa = PBXFileReference; fileEncoding = 4; lastKnownFileType = sourcecode.c.h; path = MPFoldEnumerations.h; sourceTree = "<group>"; };
		8224FE1519D48656002B1B44 /* MPFoldTransition.h */ = {isa = PBXFileReference; fileEncoding = 4; lastKnownFileType = sourcecode.c.h; path = MPFoldTransition.h; sourceTree = "<group>"; };
		8224FE1619D48656002B1B44 /* MPFoldTransition.m */ = {isa = PBXFileReference; fileEncoding = 4; lastKnownFileType = sourcecode.c.objc; path = MPFoldTransition.m; sourceTree = "<group>"; };
		8224FE1719D48656002B1B44 /* MPTransition.h */ = {isa = PBXFileReference; fileEncoding = 4; lastKnownFileType = sourcecode.c.h; path = MPTransition.h; sourceTree = "<group>"; };
		8224FE1819D48656002B1B44 /* MPTransition.m */ = {isa = PBXFileReference; fileEncoding = 4; lastKnownFileType = sourcecode.c.objc; path = MPTransition.m; sourceTree = "<group>"; };
		8224FE1919D48656002B1B44 /* MPTransitionEnumerations.h */ = {isa = PBXFileReference; fileEncoding = 4; lastKnownFileType = sourcecode.c.h; path = MPTransitionEnumerations.h; sourceTree = "<group>"; };
		8224FE1B19D48656002B1B44 /* MPFlipSegue.h */ = {isa = PBXFileReference; fileEncoding = 4; lastKnownFileType = sourcecode.c.h; path = MPFlipSegue.h; sourceTree = "<group>"; };
		8224FE1C19D48656002B1B44 /* MPFlipSegue.m */ = {isa = PBXFileReference; fileEncoding = 4; lastKnownFileType = sourcecode.c.objc; path = MPFlipSegue.m; sourceTree = "<group>"; };
		8224FE1D19D48656002B1B44 /* MPFoldModalSegue.h */ = {isa = PBXFileReference; fileEncoding = 4; lastKnownFileType = sourcecode.c.h; path = MPFoldModalSegue.h; sourceTree = "<group>"; };
		8224FE1E19D48656002B1B44 /* MPFoldModalSegue.m */ = {isa = PBXFileReference; fileEncoding = 4; lastKnownFileType = sourcecode.c.objc; path = MPFoldModalSegue.m; sourceTree = "<group>"; };
		8224FE1F19D48656002B1B44 /* MPFoldNavPopSegue.h */ = {isa = PBXFileReference; fileEncoding = 4; lastKnownFileType = sourcecode.c.h; path = MPFoldNavPopSegue.h; sourceTree = "<group>"; };
		8224FE2019D48656002B1B44 /* MPFoldNavPopSegue.m */ = {isa = PBXFileReference; fileEncoding = 4; lastKnownFileType = sourcecode.c.objc; path = MPFoldNavPopSegue.m; sourceTree = "<group>"; };
		8224FE2119D48656002B1B44 /* MPFoldNavPushSegue.h */ = {isa = PBXFileReference; fileEncoding = 4; lastKnownFileType = sourcecode.c.h; path = MPFoldNavPushSegue.h; sourceTree = "<group>"; };
		8224FE2219D48656002B1B44 /* MPFoldNavPushSegue.m */ = {isa = PBXFileReference; fileEncoding = 4; lastKnownFileType = sourcecode.c.objc; path = MPFoldNavPushSegue.m; sourceTree = "<group>"; };
		8224FE2319D48656002B1B44 /* MPFoldSegue.h */ = {isa = PBXFileReference; fileEncoding = 4; lastKnownFileType = sourcecode.c.h; path = MPFoldSegue.h; sourceTree = "<group>"; };
		8224FE2419D48656002B1B44 /* MPFoldSegue.m */ = {isa = PBXFileReference; fileEncoding = 4; lastKnownFileType = sourcecode.c.objc; path = MPFoldSegue.m; sourceTree = "<group>"; };
		824012DC19D1AF5D00C501EE /* victoryCenter.app */ = {isa = PBXFileReference; explicitFileType = wrapper.application; includeInIndex = 0; path = victoryCenter.app; sourceTree = BUILT_PRODUCTS_DIR; };
		824012DF19D1AF5D00C501EE /* Foundation.framework */ = {isa = PBXFileReference; lastKnownFileType = wrapper.framework; name = Foundation.framework; path = System/Library/Frameworks/Foundation.framework; sourceTree = SDKROOT; };
		824012E119D1AF5D00C501EE /* CoreGraphics.framework */ = {isa = PBXFileReference; lastKnownFileType = wrapper.framework; name = CoreGraphics.framework; path = System/Library/Frameworks/CoreGraphics.framework; sourceTree = SDKROOT; };
		824012E319D1AF5D00C501EE /* UIKit.framework */ = {isa = PBXFileReference; lastKnownFileType = wrapper.framework; name = UIKit.framework; path = System/Library/Frameworks/UIKit.framework; sourceTree = SDKROOT; };
		824012E719D1AF5D00C501EE /* victoryCenter-Info.plist */ = {isa = PBXFileReference; lastKnownFileType = text.plist.xml; path = "victoryCenter-Info.plist"; sourceTree = "<group>"; };
		824012E919D1AF5D00C501EE /* en */ = {isa = PBXFileReference; lastKnownFileType = text.plist.strings; name = en; path = en.lproj/InfoPlist.strings; sourceTree = "<group>"; };
		824012EB19D1AF5D00C501EE /* main.m */ = {isa = PBXFileReference; lastKnownFileType = sourcecode.c.objc; path = main.m; sourceTree = "<group>"; };
		824012ED19D1AF5D00C501EE /* victoryCenter-Prefix.pch */ = {isa = PBXFileReference; lastKnownFileType = sourcecode.c.h; path = "victoryCenter-Prefix.pch"; sourceTree = "<group>"; };
		824012EE19D1AF5D00C501EE /* AppDelegate.h */ = {isa = PBXFileReference; lastKnownFileType = sourcecode.c.h; path = AppDelegate.h; sourceTree = "<group>"; };
		824012EF19D1AF5D00C501EE /* AppDelegate.m */ = {isa = PBXFileReference; lastKnownFileType = sourcecode.c.objc; path = AppDelegate.m; sourceTree = "<group>"; };
		824012F219D1AF5D00C501EE /* Base */ = {isa = PBXFileReference; lastKnownFileType = file.storyboard; name = Base; path = Base.lproj/Main.storyboard; sourceTree = "<group>"; };
		824012F419D1AF5D00C501EE /* ViewController.h */ = {isa = PBXFileReference; lastKnownFileType = sourcecode.c.h; path = ViewController.h; sourceTree = "<group>"; };
		824012F519D1AF5D00C501EE /* ViewController.m */ = {isa = PBXFileReference; lastKnownFileType = sourcecode.c.objc; path = ViewController.m; sourceTree = "<group>"; };
		824012F719D1AF5D00C501EE /* Images.xcassets */ = {isa = PBXFileReference; lastKnownFileType = folder.assetcatalog; path = Images.xcassets; sourceTree = "<group>"; };
		824012FD19D1AF5D00C501EE /* victoryCenterTests.xctest */ = {isa = PBXFileReference; explicitFileType = wrapper.cfbundle; includeInIndex = 0; path = victoryCenterTests.xctest; sourceTree = BUILT_PRODUCTS_DIR; };
		824012FE19D1AF5D00C501EE /* XCTest.framework */ = {isa = PBXFileReference; lastKnownFileType = wrapper.framework; name = XCTest.framework; path = Library/Frameworks/XCTest.framework; sourceTree = DEVELOPER_DIR; };
		8240130619D1AF5D00C501EE /* victoryCenterTests-Info.plist */ = {isa = PBXFileReference; lastKnownFileType = text.plist.xml; path = "victoryCenterTests-Info.plist"; sourceTree = "<group>"; };
		8240130819D1AF5D00C501EE /* en */ = {isa = PBXFileReference; lastKnownFileType = text.plist.strings; name = en; path = en.lproj/InfoPlist.strings; sourceTree = "<group>"; };
		8240130A19D1AF5D00C501EE /* victoryCenterTests.m */ = {isa = PBXFileReference; lastKnownFileType = sourcecode.c.objc; path = victoryCenterTests.m; sourceTree = "<group>"; };
		8240131819D1B58A00C501EE /* XHCustomSegue.h */ = {isa = PBXFileReference; fileEncoding = 4; lastKnownFileType = sourcecode.c.h; path = XHCustomSegue.h; sourceTree = "<group>"; };
		8240131919D1B58A00C501EE /* XHCustomSegue.m */ = {isa = PBXFileReference; fileEncoding = 4; lastKnownFileType = sourcecode.c.objc; path = XHCustomSegue.m; sourceTree = "<group>"; };
		826709D819D2147000B9ED87 /* team_logo.png */ = {isa = PBXFileReference; lastKnownFileType = image.png; path = team_logo.png; sourceTree = "<group>"; };
		826709D919D2147000B9ED87 /* team_logo@2x.png */ = {isa = PBXFileReference; lastKnownFileType = image.png; path = "team_logo@2x.png"; sourceTree = "<group>"; };
		826709DA19D2147000B9ED87 /* team_logoBtmBar.png */ = {isa = PBXFileReference; lastKnownFileType = image.png; path = team_logoBtmBar.png; sourceTree = "<group>"; };
		826709DB19D2147000B9ED87 /* team_logoBtmBar@2x.png */ = {isa = PBXFileReference; lastKnownFileType = image.png; path = "team_logoBtmBar@2x.png"; sourceTree = "<group>"; };
		826709DC19D2147000B9ED87 /* team_Text.png */ = {isa = PBXFileReference; lastKnownFileType = image.png; path = team_Text.png; sourceTree = "<group>"; };
		826709DD19D2147000B9ED87 /* team_Text@2x.png */ = {isa = PBXFileReference; lastKnownFileType = image.png; path = "team_Text@2x.png"; sourceTree = "<group>"; };
		82A44BA319D32D1C004FAD58 /* galleryCVCell.h */ = {isa = PBXFileReference; fileEncoding = 4; lastKnownFileType = sourcecode.c.h; path = galleryCVCell.h; sourceTree = "<group>"; };
		82A44BA419D32D1C004FAD58 /* galleryCVCell.m */ = {isa = PBXFileReference; fileEncoding = 4; lastKnownFileType = sourcecode.c.objc; path = galleryCVCell.m; sourceTree = "<group>"; };
		82A44BEE19D3416D004FAD58 /* galleryViewController.h */ = {isa = PBXFileReference; fileEncoding = 4; lastKnownFileType = sourcecode.c.h; path = galleryViewController.h; sourceTree = "<group>"; };
		82A44BEF19D3416D004FAD58 /* galleryViewController.m */ = {isa = PBXFileReference; fileEncoding = 4; lastKnownFileType = sourcecode.c.objc; path = galleryViewController.m; sourceTree = "<group>"; };
		82A805C819D1F61E00308BA1 /* grfx_helpIcon.png */ = {isa = PBXFileReference; lastKnownFileType = image.png; path = grfx_helpIcon.png; sourceTree = "<group>"; };
		82A805C919D1F61E00308BA1 /* grfx_helpIcon@2x.png */ = {isa = PBXFileReference; lastKnownFileType = image.png; path = "grfx_helpIcon@2x.png"; sourceTree = "<group>"; };
		82A805CA19D1F61E00308BA1 /* grfx_mialIcon.png */ = {isa = PBXFileReference; lastKnownFileType = image.png; path = grfx_mialIcon.png; sourceTree = "<group>"; };
		82A805CB19D1F61E00308BA1 /* grfx_mialIcon@2x.png */ = {isa = PBXFileReference; lastKnownFileType = image.png; path = "grfx_mialIcon@2x.png"; sourceTree = "<group>"; };
		82A805CC19D1F61E00308BA1 /* grfx_movieIcon.png */ = {isa = PBXFileReference; lastKnownFileType = image.png; path = grfx_movieIcon.png; sourceTree = "<group>"; };
		82A805CD19D1F61E00308BA1 /* grfx_movieIcon@2x.png */ = {isa = PBXFileReference; lastKnownFileType = image.png; path = "grfx_movieIcon@2x.png"; sourceTree = "<group>"; };
		82A805D419D1FC1400308BA1 /* grfx_menuIcon.png */ = {isa = PBXFileReference; lastKnownFileType = image.png; path = grfx_menuIcon.png; sourceTree = "<group>"; };
		82A805D519D1FC1400308BA1 /* grfx_menuIcon@2x.png */ = {isa = PBXFileReference; lastKnownFileType = image.png; path = "grfx_menuIcon@2x.png"; sourceTree = "<group>"; };
		82A805D819D1FE8100308BA1 /* grfx_menuImage.png */ = {isa = PBXFileReference; lastKnownFileType = image.png; path = grfx_menuImage.png; sourceTree = "<group>"; };
		82A805D919D1FE8100308BA1 /* grfx_menuImage@2x.png */ = {isa = PBXFileReference; lastKnownFileType = image.png; path = "grfx_menuImage@2x.png"; sourceTree = "<group>"; };
		82A805DF19D2076300308BA1 /* mapViewController.h */ = {isa = PBXFileReference; fileEncoding = 4; lastKnownFileType = sourcecode.c.h; path = mapViewController.h; sourceTree = "<group>"; };
		82A805E019D2076300308BA1 /* mapViewController.m */ = {isa = PBXFileReference; fileEncoding = 4; lastKnownFileType = sourcecode.c.objc; path = mapViewController.m; sourceTree = "<group>"; };
		82A805E219D2077300308BA1 /* buildingViewController.h */ = {isa = PBXFileReference; fileEncoding = 4; lastKnownFileType = sourcecode.c.h; path = buildingViewController.h; sourceTree = "<group>"; };
		82A805E319D2077300308BA1 /* buildingViewController.m */ = {isa = PBXFileReference; fileEncoding = 4; lastKnownFileType = sourcecode.c.objc; path = buildingViewController.m; sourceTree = "<group>"; };
		82A805E619D2091D00308BA1 /* Building_bg.jpg */ = {isa = PBXFileReference; lastKnownFileType = image.jpeg; path = Building_bg.jpg; sourceTree = "<group>"; };
		82A805E719D2091D00308BA1 /* Building_bg@2x.jpg */ = {isa = PBXFileReference; lastKnownFileType = image.jpeg; path = "Building_bg@2x.jpg"; sourceTree = "<group>"; };
		82A805E819D2091D00308BA1 /* Map_bg.jpg */ = {isa = PBXFileReference; lastKnownFileType = image.jpeg; path = Map_bg.jpg; sourceTree = "<group>"; };
		82A805E919D2091D00308BA1 /* Map_bg@2x.jpg */ = {isa = PBXFileReference; lastKnownFileType = image.jpeg; path = "Map_bg@2x.jpg"; sourceTree = "<group>"; };
		82A805EA19D2091D00308BA1 /* Team_bg.jpg */ = {isa = PBXFileReference; lastKnownFileType = image.jpeg; path = Team_bg.jpg; sourceTree = "<group>"; };
		82A805EB19D2091D00308BA1 /* Team_bg@2x.jpg */ = {isa = PBXFileReference; lastKnownFileType = image.jpeg; path = "Team_bg@2x.jpg"; sourceTree = "<group>"; };
		82DAB03019D1EBA000F23668 /* UIColor+Extensions.h */ = {isa = PBXFileReference; fileEncoding = 4; lastKnownFileType = sourcecode.c.h; path = "UIColor+Extensions.h"; sourceTree = "<group>"; };
		82DAB03119D1EBA000F23668 /* UIColor+Extensions.m */ = {isa = PBXFileReference; fileEncoding = 4; lastKnownFileType = sourcecode.c.objc; path = "UIColor+Extensions.m"; sourceTree = "<group>"; };
		82DAB03319D1ED5B00F23668 /* teamViewController.h */ = {isa = PBXFileReference; fileEncoding = 4; lastKnownFileType = sourcecode.c.h; path = teamViewController.h; sourceTree = "<group>"; };
		82DAB03419D1ED5B00F23668 /* teamViewController.m */ = {isa = PBXFileReference; fileEncoding = 4; lastKnownFileType = sourcecode.c.objc; path = teamViewController.m; sourceTree = "<group>"; };
/* End PBXFileReference section */

/* Begin PBXFrameworksBuildPhase section */
		824012D919D1AF5D00C501EE /* Frameworks */ = {
			isa = PBXFrameworksBuildPhase;
			buildActionMask = 2147483647;
			files = (
				824012E219D1AF5D00C501EE /* CoreGraphics.framework in Frameworks */,
				824012E419D1AF5D00C501EE /* UIKit.framework in Frameworks */,
				824012E019D1AF5D00C501EE /* Foundation.framework in Frameworks */,
			);
			runOnlyForDeploymentPostprocessing = 0;
		};
		824012FA19D1AF5D00C501EE /* Frameworks */ = {
			isa = PBXFrameworksBuildPhase;
			buildActionMask = 2147483647;
			files = (
				824012FF19D1AF5D00C501EE /* XCTest.framework in Frameworks */,
				8240130119D1AF5D00C501EE /* UIKit.framework in Frameworks */,
				8240130019D1AF5D00C501EE /* Foundation.framework in Frameworks */,
			);
			runOnlyForDeploymentPostprocessing = 0;
		};
/* End PBXFrameworksBuildPhase section */

/* Begin PBXGroup section */
		8224FDEF19D46997002B1B44 /* DataStore */ = {
			isa = PBXGroup;
			children = (
				8224FDF019D46997002B1B44 /* galleryData.plist */,
			);
			path = DataStore;
			sourceTree = "<group>";
		};
		8224FDF219D46D90002B1B44 /* grfx */ = {
			isa = PBXGroup;
			children = (
				8224FDF319D46D90002B1B44 /* cap_bar_.png */,
				8224FDF419D46D90002B1B44 /* cap_bar_@2x.png */,
			);
			path = grfx;
			sourceTree = "<group>";
		};
		8224FDF719D47097002B1B44 /* fonts */ = {
			isa = PBXGroup;
			children = (
				8224FDF819D47097002B1B44 /* Raleway */,
			);
			path = fonts;
			sourceTree = "<group>";
		};
		8224FDF819D47097002B1B44 /* Raleway */ = {
			isa = PBXGroup;
			children = (
				8224FDF919D47097002B1B44 /* Raleway-Bold.otf */,
				8224FDFA19D47097002B1B44 /* Raleway-ExtraBold.otf */,
				8224FDFB19D47097002B1B44 /* Raleway-ExtraLight.otf */,
				8224FDFC19D47097002B1B44 /* Raleway-Heavy.otf */,
				8224FDFD19D47097002B1B44 /* Raleway-Light.otf */,
				8224FDFE19D47097002B1B44 /* Raleway-Medium.otf */,
				8224FDFF19D47097002B1B44 /* Raleway-Regular.otf */,
				8224FE0019D47097002B1B44 /* Raleway-SemiBold.otf */,
				8224FE0119D47097002B1B44 /* Raleway-Thin.otf */,
			);
			path = Raleway;
			sourceTree = "<group>";
		};
		8224FE0D19D48656002B1B44 /* Thrid_party */ = {
			isa = PBXGroup;
			children = (
				8224FE0E19D48656002B1B44 /* MPFoldTransition */,
			);
			path = Thrid_party;
			sourceTree = "<group>";
		};
		8224FE0E19D48656002B1B44 /* MPFoldTransition */ = {
			isa = PBXGroup;
			children = (
				8224FE0F19D48656002B1B44 /* MPAnimation.h */,
				8224FE1019D48656002B1B44 /* MPAnimation.m */,
				8224FE1119D48656002B1B44 /* MPFlipEnumerations.h */,
				8224FE1219D48656002B1B44 /* MPFlipTransition.h */,
				8224FE1319D48656002B1B44 /* MPFlipTransition.m */,
				8224FE1419D48656002B1B44 /* MPFoldEnumerations.h */,
				8224FE1519D48656002B1B44 /* MPFoldTransition.h */,
				8224FE1619D48656002B1B44 /* MPFoldTransition.m */,
				8224FE1719D48656002B1B44 /* MPTransition.h */,
				8224FE1819D48656002B1B44 /* MPTransition.m */,
				8224FE1919D48656002B1B44 /* MPTransitionEnumerations.h */,
				8224FE1A19D48656002B1B44 /* Segues */,
			);
			path = MPFoldTransition;
			sourceTree = "<group>";
		};
		8224FE1A19D48656002B1B44 /* Segues */ = {
			isa = PBXGroup;
			children = (
				8224FE1B19D48656002B1B44 /* MPFlipSegue.h */,
				8224FE1C19D48656002B1B44 /* MPFlipSegue.m */,
				8224FE1D19D48656002B1B44 /* MPFoldModalSegue.h */,
				8224FE1E19D48656002B1B44 /* MPFoldModalSegue.m */,
				8224FE1F19D48656002B1B44 /* MPFoldNavPopSegue.h */,
				8224FE2019D48656002B1B44 /* MPFoldNavPopSegue.m */,
				8224FE2119D48656002B1B44 /* MPFoldNavPushSegue.h */,
				8224FE2219D48656002B1B44 /* MPFoldNavPushSegue.m */,
				8224FE2319D48656002B1B44 /* MPFoldSegue.h */,
				8224FE2419D48656002B1B44 /* MPFoldSegue.m */,
			);
			path = Segues;
			sourceTree = "<group>";
		};
		824012D319D1AF5D00C501EE = {
			isa = PBXGroup;
			children = (
				824012E519D1AF5D00C501EE /* victoryCenter */,
				8240130419D1AF5D00C501EE /* victoryCenterTests */,
				824012DE19D1AF5D00C501EE /* Frameworks */,
				824012DD19D1AF5D00C501EE /* Products */,
			);
			sourceTree = "<group>";
		};
		824012DD19D1AF5D00C501EE /* Products */ = {
			isa = PBXGroup;
			children = (
				824012DC19D1AF5D00C501EE /* victoryCenter.app */,
				824012FD19D1AF5D00C501EE /* victoryCenterTests.xctest */,
			);
			name = Products;
			sourceTree = "<group>";
		};
		824012DE19D1AF5D00C501EE /* Frameworks */ = {
			isa = PBXGroup;
			children = (
				824012DF19D1AF5D00C501EE /* Foundation.framework */,
				824012E119D1AF5D00C501EE /* CoreGraphics.framework */,
				824012E319D1AF5D00C501EE /* UIKit.framework */,
				824012FE19D1AF5D00C501EE /* XCTest.framework */,
			);
			name = Frameworks;
			sourceTree = "<group>";
		};
		824012E519D1AF5D00C501EE /* victoryCenter */ = {
			isa = PBXGroup;
			children = (
				824012EE19D1AF5D00C501EE /* AppDelegate.h */,
				824012EF19D1AF5D00C501EE /* AppDelegate.m */,
				824012F119D1AF5D00C501EE /* Main.storyboard */,
				824012F419D1AF5D00C501EE /* ViewController.h */,
				824012F519D1AF5D00C501EE /* ViewController.m */,
				82A44BEE19D3416D004FAD58 /* galleryViewController.h */,
				82A44BEF19D3416D004FAD58 /* galleryViewController.m */,
				82DAB03319D1ED5B00F23668 /* teamViewController.h */,
				82DAB03419D1ED5B00F23668 /* teamViewController.m */,
				82A805DF19D2076300308BA1 /* mapViewController.h */,
				82A805E019D2076300308BA1 /* mapViewController.m */,
				82A805E219D2077300308BA1 /* buildingViewController.h */,
				82A805E319D2077300308BA1 /* buildingViewController.m */,
				8240131B19D1C04800C501EE /* src */,
				8240131719D1B52800C501EE /* Utilities */,
				824012F719D1AF5D00C501EE /* Images.xcassets */,
				824012E619D1AF5D00C501EE /* Supporting Files */,
			);
			path = victoryCenter;
			sourceTree = "<group>";
		};
		824012E619D1AF5D00C501EE /* Supporting Files */ = {
			isa = PBXGroup;
			children = (
				824012E719D1AF5D00C501EE /* victoryCenter-Info.plist */,
				824012E819D1AF5D00C501EE /* InfoPlist.strings */,
				824012EB19D1AF5D00C501EE /* main.m */,
				824012ED19D1AF5D00C501EE /* victoryCenter-Prefix.pch */,
			);
			name = "Supporting Files";
			sourceTree = "<group>";
		};
		8240130419D1AF5D00C501EE /* victoryCenterTests */ = {
			isa = PBXGroup;
			children = (
				8240130A19D1AF5D00C501EE /* victoryCenterTests.m */,
				8240130519D1AF5D00C501EE /* Supporting Files */,
			);
			path = victoryCenterTests;
			sourceTree = "<group>";
		};
		8240130519D1AF5D00C501EE /* Supporting Files */ = {
			isa = PBXGroup;
			children = (
				8240130619D1AF5D00C501EE /* victoryCenterTests-Info.plist */,
				8240130719D1AF5D00C501EE /* InfoPlist.strings */,
			);
			name = "Supporting Files";
			sourceTree = "<group>";
		};
		8240131719D1B52800C501EE /* Utilities */ = {
			isa = PBXGroup;
			children = (
				8224FE0D19D48656002B1B44 /* Thrid_party */,
				82DAB03019D1EBA000F23668 /* UIColor+Extensions.h */,
				82DAB03119D1EBA000F23668 /* UIColor+Extensions.m */,
				8240131819D1B58A00C501EE /* XHCustomSegue.h */,
				8240131919D1B58A00C501EE /* XHCustomSegue.m */,
				82A44BA319D32D1C004FAD58 /* galleryCVCell.h */,
				82A44BA419D32D1C004FAD58 /* galleryCVCell.m */,
			);
			path = Utilities;
			sourceTree = "<group>";
		};
		8240131B19D1C04800C501EE /* src */ = {
			isa = PBXGroup;
			children = (
				8224FDEF19D46997002B1B44 /* DataStore */,
				8224FDF719D47097002B1B44 /* fonts */,
				8224FDF219D46D90002B1B44 /* grfx */,
				82A805E519D2091D00308BA1 /* tmp */,
				82A805D819D1FE8100308BA1 /* grfx_menuImage.png */,
				82A805D919D1FE8100308BA1 /* grfx_menuImage@2x.png */,
				82A805C719D1F61E00308BA1 /* UI */,
			);
			path = src;
			sourceTree = "<group>";
		};
		82A805C719D1F61E00308BA1 /* UI */ = {
			isa = PBXGroup;
			children = (
				82A805C819D1F61E00308BA1 /* grfx_helpIcon.png */,
				82A805C919D1F61E00308BA1 /* grfx_helpIcon@2x.png */,
				82A805D419D1FC1400308BA1 /* grfx_menuIcon.png */,
				82A805D519D1FC1400308BA1 /* grfx_menuIcon@2x.png */,
				82A805CA19D1F61E00308BA1 /* grfx_mialIcon.png */,
				82A805CB19D1F61E00308BA1 /* grfx_mialIcon@2x.png */,
				82A805CC19D1F61E00308BA1 /* grfx_movieIcon.png */,
				82A805CD19D1F61E00308BA1 /* grfx_movieIcon@2x.png */,
			);
			path = UI;
			sourceTree = "<group>";
		};
		82A805E519D2091D00308BA1 /* tmp */ = {
			isa = PBXGroup;
			children = (
				82A805E619D2091D00308BA1 /* Building_bg.jpg */,
				82A805E719D2091D00308BA1 /* Building_bg@2x.jpg */,
				82A805E819D2091D00308BA1 /* Map_bg.jpg */,
				82A805E919D2091D00308BA1 /* Map_bg@2x.jpg */,
				82A805EA19D2091D00308BA1 /* Team_bg.jpg */,
				82A805EB19D2091D00308BA1 /* Team_bg@2x.jpg */,
				826709D819D2147000B9ED87 /* team_logo.png */,
				826709D919D2147000B9ED87 /* team_logo@2x.png */,
				826709DA19D2147000B9ED87 /* team_logoBtmBar.png */,
				826709DB19D2147000B9ED87 /* team_logoBtmBar@2x.png */,
				826709DC19D2147000B9ED87 /* team_Text.png */,
				826709DD19D2147000B9ED87 /* team_Text@2x.png */,
			);
			path = tmp;
			sourceTree = "<group>";
		};
/* End PBXGroup section */

/* Begin PBXNativeTarget section */
		824012DB19D1AF5D00C501EE /* victoryCenter */ = {
			isa = PBXNativeTarget;
			buildConfigurationList = 8240130E19D1AF5D00C501EE /* Build configuration list for PBXNativeTarget "victoryCenter" */;
			buildPhases = (
				824012D819D1AF5D00C501EE /* Sources */,
				824012D919D1AF5D00C501EE /* Frameworks */,
				824012DA19D1AF5D00C501EE /* Resources */,
			);
			buildRules = (
			);
			dependencies = (
			);
			name = victoryCenter;
			productName = victoryCenter;
			productReference = 824012DC19D1AF5D00C501EE /* victoryCenter.app */;
			productType = "com.apple.product-type.application";
		};
		824012FC19D1AF5D00C501EE /* victoryCenterTests */ = {
			isa = PBXNativeTarget;
			buildConfigurationList = 8240131119D1AF5D00C501EE /* Build configuration list for PBXNativeTarget "victoryCenterTests" */;
			buildPhases = (
				824012F919D1AF5D00C501EE /* Sources */,
				824012FA19D1AF5D00C501EE /* Frameworks */,
				824012FB19D1AF5D00C501EE /* Resources */,
			);
			buildRules = (
			);
			dependencies = (
				8240130319D1AF5D00C501EE /* PBXTargetDependency */,
			);
			name = victoryCenterTests;
			productName = victoryCenterTests;
			productReference = 824012FD19D1AF5D00C501EE /* victoryCenterTests.xctest */;
			productType = "com.apple.product-type.bundle.unit-test";
		};
/* End PBXNativeTarget section */

/* Begin PBXProject section */
		824012D419D1AF5D00C501EE /* Project object */ = {
			isa = PBXProject;
			attributes = {
				LastUpgradeCheck = 0510;
				ORGANIZATIONNAME = Neoscape;
				TargetAttributes = {
					824012FC19D1AF5D00C501EE = {
						TestTargetID = 824012DB19D1AF5D00C501EE;
					};
				};
			};
			buildConfigurationList = 824012D719D1AF5D00C501EE /* Build configuration list for PBXProject "victoryCenter" */;
			compatibilityVersion = "Xcode 3.2";
			developmentRegion = English;
			hasScannedForEncodings = 0;
			knownRegions = (
				en,
				Base,
			);
			mainGroup = 824012D319D1AF5D00C501EE;
			productRefGroup = 824012DD19D1AF5D00C501EE /* Products */;
			projectDirPath = "";
			projectRoot = "";
			targets = (
				824012DB19D1AF5D00C501EE /* victoryCenter */,
				824012FC19D1AF5D00C501EE /* victoryCenterTests */,
			);
		};
/* End PBXProject section */

/* Begin PBXResourcesBuildPhase section */
		824012DA19D1AF5D00C501EE /* Resources */ = {
			isa = PBXResourcesBuildPhase;
			buildActionMask = 2147483647;
			files = (
				82A805D619D1FC1400308BA1 /* grfx_menuIcon.png in Resources */,
				82A805ED19D2091D00308BA1 /* Building_bg@2x.jpg in Resources */,
				82A805CE19D1F61E00308BA1 /* grfx_helpIcon.png in Resources */,
				824012F819D1AF5D00C501EE /* Images.xcassets in Resources */,
				826709E019D2147000B9ED87 /* team_logoBtmBar.png in Resources */,
				82A805EC19D2091D00308BA1 /* Building_bg.jpg in Resources */,
				8224FE0919D47097002B1B44 /* Raleway-Regular.otf in Resources */,
				826709E219D2147000B9ED87 /* team_Text.png in Resources */,
				8224FE0619D47097002B1B44 /* Raleway-Heavy.otf in Resources */,
				82A805D119D1F61E00308BA1 /* grfx_mialIcon@2x.png in Resources */,
				8224FE0719D47097002B1B44 /* Raleway-Light.otf in Resources */,
				8224FE0819D47097002B1B44 /* Raleway-Medium.otf in Resources */,
				826709E119D2147000B9ED87 /* team_logoBtmBar@2x.png in Resources */,
				824012EA19D1AF5D00C501EE /* InfoPlist.strings in Resources */,
				8224FE0319D47097002B1B44 /* Raleway-Bold.otf in Resources */,
				82A805EF19D2091D00308BA1 /* Map_bg@2x.jpg in Resources */,
				8224FDF619D46D90002B1B44 /* cap_bar_@2x.png in Resources */,
				82A805EE19D2091D00308BA1 /* Map_bg.jpg in Resources */,
				826709DE19D2147000B9ED87 /* team_logo.png in Resources */,
				82A805DB19D1FE8100308BA1 /* grfx_menuImage@2x.png in Resources */,
				8224FDF519D46D90002B1B44 /* cap_bar_.png in Resources */,
				82A805D719D1FC1400308BA1 /* grfx_menuIcon@2x.png in Resources */,
				8224FE0B19D47097002B1B44 /* Raleway-Thin.otf in Resources */,
				82A805F019D2091D00308BA1 /* Team_bg.jpg in Resources */,
				82A805D219D1F61E00308BA1 /* grfx_movieIcon.png in Resources */,
				82A805DA19D1FE8100308BA1 /* grfx_menuImage.png in Resources */,
				8224FE0419D47097002B1B44 /* Raleway-ExtraBold.otf in Resources */,
				826709DF19D2147000B9ED87 /* team_logo@2x.png in Resources */,
				8224FE0519D47097002B1B44 /* Raleway-ExtraLight.otf in Resources */,
				82A805D319D1F61E00308BA1 /* grfx_movieIcon@2x.png in Resources */,
				82A805F119D2091D00308BA1 /* Team_bg@2x.jpg in Resources */,
				82A805CF19D1F61E00308BA1 /* grfx_helpIcon@2x.png in Resources */,
				8224FDF119D46997002B1B44 /* galleryData.plist in Resources */,
				8224FE0A19D47097002B1B44 /* Raleway-SemiBold.otf in Resources */,
				82A805D019D1F61E00308BA1 /* grfx_mialIcon.png in Resources */,
				824012F319D1AF5D00C501EE /* Main.storyboard in Resources */,
				826709E319D2147000B9ED87 /* team_Text@2x.png in Resources */,
			);
			runOnlyForDeploymentPostprocessing = 0;
		};
		824012FB19D1AF5D00C501EE /* Resources */ = {
			isa = PBXResourcesBuildPhase;
			buildActionMask = 2147483647;
			files = (
				8240130919D1AF5D00C501EE /* InfoPlist.strings in Resources */,
			);
			runOnlyForDeploymentPostprocessing = 0;
		};
/* End PBXResourcesBuildPhase section */

/* Begin PBXSourcesBuildPhase section */
		824012D819D1AF5D00C501EE /* Sources */ = {
			isa = PBXSourcesBuildPhase;
			buildActionMask = 2147483647;
			files = (
				8224FE2B19D48656002B1B44 /* MPFoldNavPopSegue.m in Sources */,
				8224FE2619D48656002B1B44 /* MPFlipTransition.m in Sources */,
				8224FE2819D48656002B1B44 /* MPTransition.m in Sources */,
				8224FE2719D48656002B1B44 /* MPFoldTransition.m in Sources */,
				82A805E419D2077300308BA1 /* buildingViewController.m in Sources */,
				8224FE2D19D48656002B1B44 /* MPFoldSegue.m in Sources */,
				82A44BF019D3416D004FAD58 /* galleryViewController.m in Sources */,
				8224FE2A19D48656002B1B44 /* MPFoldModalSegue.m in Sources */,
				8224FE2919D48656002B1B44 /* MPFlipSegue.m in Sources */,
				8240131A19D1B58A00C501EE /* XHCustomSegue.m in Sources */,
				82A805E119D2076300308BA1 /* mapViewController.m in Sources */,
				824012F619D1AF5D00C501EE /* ViewController.m in Sources */,
				8224FE2C19D48656002B1B44 /* MPFoldNavPushSegue.m in Sources */,
				82DAB03219D1EBA000F23668 /* UIColor+Extensions.m in Sources */,
				82DAB03519D1ED5B00F23668 /* teamViewController.m in Sources */,
				8224FE2519D48656002B1B44 /* MPAnimation.m in Sources */,
				824012F019D1AF5D00C501EE /* AppDelegate.m in Sources */,
				82A44BA519D32D1C004FAD58 /* galleryCVCell.m in Sources */,
				824012EC19D1AF5D00C501EE /* main.m in Sources */,
			);
			runOnlyForDeploymentPostprocessing = 0;
		};
		824012F919D1AF5D00C501EE /* Sources */ = {
			isa = PBXSourcesBuildPhase;
			buildActionMask = 2147483647;
			files = (
				8240130B19D1AF5D00C501EE /* victoryCenterTests.m in Sources */,
			);
			runOnlyForDeploymentPostprocessing = 0;
		};
/* End PBXSourcesBuildPhase section */

/* Begin PBXTargetDependency section */
		8240130319D1AF5D00C501EE /* PBXTargetDependency */ = {
			isa = PBXTargetDependency;
			target = 824012DB19D1AF5D00C501EE /* victoryCenter */;
			targetProxy = 8240130219D1AF5D00C501EE /* PBXContainerItemProxy */;
		};
/* End PBXTargetDependency section */

/* Begin PBXVariantGroup section */
		824012E819D1AF5D00C501EE /* InfoPlist.strings */ = {
			isa = PBXVariantGroup;
			children = (
				824012E919D1AF5D00C501EE /* en */,
			);
			name = InfoPlist.strings;
			sourceTree = "<group>";
		};
		824012F119D1AF5D00C501EE /* Main.storyboard */ = {
			isa = PBXVariantGroup;
			children = (
				824012F219D1AF5D00C501EE /* Base */,
			);
			name = Main.storyboard;
			sourceTree = "<group>";
		};
		8240130719D1AF5D00C501EE /* InfoPlist.strings */ = {
			isa = PBXVariantGroup;
			children = (
				8240130819D1AF5D00C501EE /* en */,
			);
			name = InfoPlist.strings;
			sourceTree = "<group>";
		};
/* End PBXVariantGroup section */

/* Begin XCBuildConfiguration section */
		8240130C19D1AF5D00C501EE /* Debug */ = {
			isa = XCBuildConfiguration;
			buildSettings = {
				ALWAYS_SEARCH_USER_PATHS = NO;
				CLANG_CXX_LANGUAGE_STANDARD = "gnu++0x";
				CLANG_CXX_LIBRARY = "libc++";
				CLANG_ENABLE_MODULES = YES;
				CLANG_ENABLE_OBJC_ARC = YES;
				CLANG_WARN_BOOL_CONVERSION = YES;
				CLANG_WARN_CONSTANT_CONVERSION = YES;
				CLANG_WARN_DIRECT_OBJC_ISA_USAGE = YES_ERROR;
				CLANG_WARN_EMPTY_BODY = YES;
				CLANG_WARN_ENUM_CONVERSION = YES;
				CLANG_WARN_INT_CONVERSION = YES;
				CLANG_WARN_OBJC_ROOT_CLASS = YES_ERROR;
				CLANG_WARN__DUPLICATE_METHOD_MATCH = YES;
				"CODE_SIGN_IDENTITY[sdk=iphoneos*]" = "iPhone Developer";
				COPY_PHASE_STRIP = NO;
				GCC_C_LANGUAGE_STANDARD = gnu99;
				GCC_DYNAMIC_NO_PIC = NO;
				GCC_OPTIMIZATION_LEVEL = 0;
				GCC_PREPROCESSOR_DEFINITIONS = (
					"DEBUG=1",
					"$(inherited)",
				);
				GCC_SYMBOLS_PRIVATE_EXTERN = NO;
				GCC_WARN_64_TO_32_BIT_CONVERSION = YES;
				GCC_WARN_ABOUT_RETURN_TYPE = YES_ERROR;
				GCC_WARN_UNDECLARED_SELECTOR = YES;
				GCC_WARN_UNINITIALIZED_AUTOS = YES_AGGRESSIVE;
				GCC_WARN_UNUSED_FUNCTION = YES;
				GCC_WARN_UNUSED_VARIABLE = YES;
				IPHONEOS_DEPLOYMENT_TARGET = 7.1;
				ONLY_ACTIVE_ARCH = YES;
				SDKROOT = iphoneos;
				TARGETED_DEVICE_FAMILY = 2;
			};
			name = Debug;
		};
		8240130D19D1AF5D00C501EE /* Release */ = {
			isa = XCBuildConfiguration;
			buildSettings = {
				ALWAYS_SEARCH_USER_PATHS = NO;
				CLANG_CXX_LANGUAGE_STANDARD = "gnu++0x";
				CLANG_CXX_LIBRARY = "libc++";
				CLANG_ENABLE_MODULES = YES;
				CLANG_ENABLE_OBJC_ARC = YES;
				CLANG_WARN_BOOL_CONVERSION = YES;
				CLANG_WARN_CONSTANT_CONVERSION = YES;
				CLANG_WARN_DIRECT_OBJC_ISA_USAGE = YES_ERROR;
				CLANG_WARN_EMPTY_BODY = YES;
				CLANG_WARN_ENUM_CONVERSION = YES;
				CLANG_WARN_INT_CONVERSION = YES;
				CLANG_WARN_OBJC_ROOT_CLASS = YES_ERROR;
				CLANG_WARN__DUPLICATE_METHOD_MATCH = YES;
				"CODE_SIGN_IDENTITY[sdk=iphoneos*]" = "iPhone Developer";
				COPY_PHASE_STRIP = YES;
				ENABLE_NS_ASSERTIONS = NO;
				GCC_C_LANGUAGE_STANDARD = gnu99;
				GCC_WARN_64_TO_32_BIT_CONVERSION = YES;
				GCC_WARN_ABOUT_RETURN_TYPE = YES_ERROR;
				GCC_WARN_UNDECLARED_SELECTOR = YES;
				GCC_WARN_UNINITIALIZED_AUTOS = YES_AGGRESSIVE;
				GCC_WARN_UNUSED_FUNCTION = YES;
				GCC_WARN_UNUSED_VARIABLE = YES;
				IPHONEOS_DEPLOYMENT_TARGET = 7.1;
				SDKROOT = iphoneos;
				TARGETED_DEVICE_FAMILY = 2;
				VALIDATE_PRODUCT = YES;
			};
			name = Release;
		};
		8240130F19D1AF5D00C501EE /* Debug */ = {
			isa = XCBuildConfiguration;
			buildSettings = {
				ASSETCATALOG_COMPILER_APPICON_NAME = AppIcon;
				ASSETCATALOG_COMPILER_LAUNCHIMAGE_NAME = LaunchImage;
				GCC_PRECOMPILE_PREFIX_HEADER = YES;
				GCC_PREFIX_HEADER = "victoryCenter/victoryCenter-Prefix.pch";
				INFOPLIST_FILE = "victoryCenter/victoryCenter-Info.plist";
				IPHONEOS_DEPLOYMENT_TARGET = 7.0;
				PRODUCT_NAME = "$(TARGET_NAME)";
				WRAPPER_EXTENSION = app;
			};
			name = Debug;
		};
		8240131019D1AF5D00C501EE /* Release */ = {
			isa = XCBuildConfiguration;
			buildSettings = {
				ASSETCATALOG_COMPILER_APPICON_NAME = AppIcon;
				ASSETCATALOG_COMPILER_LAUNCHIMAGE_NAME = LaunchImage;
				GCC_PRECOMPILE_PREFIX_HEADER = YES;
				GCC_PREFIX_HEADER = "victoryCenter/victoryCenter-Prefix.pch";
				INFOPLIST_FILE = "victoryCenter/victoryCenter-Info.plist";
				IPHONEOS_DEPLOYMENT_TARGET = 7.0;
				PRODUCT_NAME = "$(TARGET_NAME)";
				WRAPPER_EXTENSION = app;
			};
			name = Release;
		};
		8240131219D1AF5D00C501EE /* Debug */ = {
			isa = XCBuildConfiguration;
			buildSettings = {
				BUNDLE_LOADER = "$(BUILT_PRODUCTS_DIR)/victoryCenter.app/victoryCenter";
				FRAMEWORK_SEARCH_PATHS = (
					"$(SDKROOT)/Developer/Library/Frameworks",
					"$(inherited)",
					"$(DEVELOPER_FRAMEWORKS_DIR)",
				);
				GCC_PRECOMPILE_PREFIX_HEADER = YES;
				GCC_PREFIX_HEADER = "victoryCenter/victoryCenter-Prefix.pch";
				GCC_PREPROCESSOR_DEFINITIONS = (
					"DEBUG=1",
					"$(inherited)",
				);
				INFOPLIST_FILE = "victoryCenterTests/victoryCenterTests-Info.plist";
				PRODUCT_NAME = "$(TARGET_NAME)";
				TEST_HOST = "$(BUNDLE_LOADER)";
				WRAPPER_EXTENSION = xctest;
			};
			name = Debug;
		};
		8240131319D1AF5D00C501EE /* Release */ = {
			isa = XCBuildConfiguration;
			buildSettings = {
				BUNDLE_LOADER = "$(BUILT_PRODUCTS_DIR)/victoryCenter.app/victoryCenter";
				FRAMEWORK_SEARCH_PATHS = (
					"$(SDKROOT)/Developer/Library/Frameworks",
					"$(inherited)",
					"$(DEVELOPER_FRAMEWORKS_DIR)",
				);
				GCC_PRECOMPILE_PREFIX_HEADER = YES;
				GCC_PREFIX_HEADER = "victoryCenter/victoryCenter-Prefix.pch";
				INFOPLIST_FILE = "victoryCenterTests/victoryCenterTests-Info.plist";
				PRODUCT_NAME = "$(TARGET_NAME)";
				TEST_HOST = "$(BUNDLE_LOADER)";
				WRAPPER_EXTENSION = xctest;
			};
			name = Release;
		};
/* End XCBuildConfiguration section */

/* Begin XCConfigurationList section */
		824012D719D1AF5D00C501EE /* Build configuration list for PBXProject "victoryCenter" */ = {
			isa = XCConfigurationList;
			buildConfigurations = (
				8240130C19D1AF5D00C501EE /* Debug */,
				8240130D19D1AF5D00C501EE /* Release */,
			);
			defaultConfigurationIsVisible = 0;
			defaultConfigurationName = Release;
		};
		8240130E19D1AF5D00C501EE /* Build configuration list for PBXNativeTarget "victoryCenter" */ = {
			isa = XCConfigurationList;
			buildConfigurations = (
				8240130F19D1AF5D00C501EE /* Debug */,
				8240131019D1AF5D00C501EE /* Release */,
			);
			defaultConfigurationIsVisible = 0;
			defaultConfigurationName = Release;
		};
		8240131119D1AF5D00C501EE /* Build configuration list for PBXNativeTarget "victoryCenterTests" */ = {
			isa = XCConfigurationList;
			buildConfigurations = (
				8240131219D1AF5D00C501EE /* Debug */,
				8240131319D1AF5D00C501EE /* Release */,
			);
			defaultConfigurationIsVisible = 0;
			defaultConfigurationName = Release;
		};
/* End XCConfigurationList section */
	};
	rootObject = 824012D419D1AF5D00C501EE /* Project object */;
}
